
Microsoft Visual Studio Solution File, Format Version 12.00
# Visual Studio Version 17
VisualStudioVersion = 17.8.34511.84
MinimumVisualStudioVersion = 10.0.40219.1
Project("{888888A0-9F3D-457C-B088-3A5042F75D52}") = "NetworkProject-Server", "NetworkProject-Server\NetworkProject-Server.pyproj", "{067F7D0F-0147-492F-86DF-7B7D9A3DBBC9}"
EndProject
Global
	GlobalSection(SolutionConfigurationPlatforms) = preSolution
		Debug|Any CPU = Debug|Any CPU
		Release|Any CPU = Release|Any CPU
	EndGlobalSection
	GlobalSection(ProjectConfigurationPlatforms) = postSolution
		{067F7D0F-0147-492F-86DF-7B7D9A3DBBC9}.Debug|Any CPU.ActiveCfg = Debug|Any CPU
		{067F7D0F-0147-492F-86DF-7B7D9A3DBBC9}.Release|Any CPU.ActiveCfg = Release|Any CPU
	EndGlobalSection
	GlobalSection(SolutionProperties) = preSolution
		HideSolutionNode = FALSE
	EndGlobalSection
	GlobalSection(ExtensibilityGlobals) = postSolution
		SolutionGuid = {AD92F8F4-9DEA-4F36-AD80-3F2C525E5356}
	EndGlobalSection
EndGlobal
